{
  "name": "idealist-1q",
  "lockfileVersion": 3,
  "requires": true,
  "packages": {
    "": {
      "dependencies": {
        "gsap-trial": "^3.12.7"
      }
    },
    "node_modules/gsap-trial": {
      "version": "3.12.7",
      "resolved": "https://registry.npmjs.org/gsap-trial/-/gsap-trial-3.12.7.tgz",
      "integrity": "sha512-VR6064JQ4RM2pUll+qBB7mgNtTkKGBSPRSNRIibYU66ZA9fEFkUIWhAb37/h1oGVu1HxPYLqsxFUOaL7PQVJ1w==",
      "license": "This package should only be used by individuals/companies with an active Club GSAP membership. See https://gsap.com/pricing/. Licensing: https://gsap.com/licensing/"
    }
  }
}
